
Microsoft Visual Studio Solution File, Format Version 12.00
# Visual Studio Version 17
VisualStudioVersion = 17.7.34031.279
MinimumVisualStudioVersion = 10.0.40219.1
Project("{FAE04EC0-301F-11D3-BF4B-00C04F79EFBC}") = "EjercicioRepaso7224", "EjercicioRepaso7224.csproj", "{2D31A4E5-107A-4153-B4F0-077DCA9A7584}"
EndProject
Global
	GlobalSection(SolutionConfigurationPlatforms) = preSolution
		Debug|Any CPU = Debug|Any CPU
		Release|Any CPU = Release|Any CPU
	EndGlobalSection
	GlobalSection(ProjectConfigurationPlatforms) = postSolution
		{2D31A4E5-107A-4153-B4F0-077DCA9A7584}.Debug|Any CPU.ActiveCfg = Debug|Any CPU
		{2D31A4E5-107A-4153-B4F0-077DCA9A7584}.Debug|Any CPU.Build.0 = Debug|Any CPU
		{2D31A4E5-107A-4153-B4F0-077DCA9A7584}.Release|Any CPU.ActiveCfg = Release|Any CPU
		{2D31A4E5-107A-4153-B4F0-077DCA9A7584}.Release|Any CPU.Build.0 = Release|Any CPU
	EndGlobalSection
	GlobalSection(SolutionProperties) = preSolution
		HideSolutionNode = FALSE
	EndGlobalSection
	GlobalSection(ExtensibilityGlobals) = postSolution
		SolutionGuid = {C9C9C78B-73A8-4A05-B232-C28A592B7C3A}
	EndGlobalSection
EndGlobal
